
Microsoft Visual Studio Solution File, Format Version 12.00
# Visual Studio Version 16
VisualStudioVersion = 16.0.31613.86
MinimumVisualStudioVersion = 10.0.40219.1
Project("{9A19103F-16F7-4668-BE54-9A1E7A4F7556}") = "Project1", "Project1\Project1.csproj", "{2DCA5195-A726-4D1F-B393-DDC1F4F30C64}"
EndProject
Global
	GlobalSection(SolutionConfigurationPlatforms) = preSolution
		Debug|Any CPU = Debug|Any CPU
		Release|Any CPU = Release|Any CPU
	EndGlobalSection
	GlobalSection(ProjectConfigurationPlatforms) = postSolution
		{2DCA5195-A726-4D1F-B393-DDC1F4F30C64}.Debug|Any CPU.ActiveCfg = Debug|Any CPU
		{2DCA5195-A726-4D1F-B393-DDC1F4F30C64}.Debug|Any CPU.Build.0 = Debug|Any CPU
		{2DCA5195-A726-4D1F-B393-DDC1F4F30C64}.Release|Any CPU.ActiveCfg = Release|Any CPU
		{2DCA5195-A726-4D1F-B393-DDC1F4F30C64}.Release|Any CPU.Build.0 = Release|Any CPU
	EndGlobalSection
	GlobalSection(SolutionProperties) = preSolution
		HideSolutionNode = FALSE
	EndGlobalSection
	GlobalSection(ExtensibilityGlobals) = postSolution
		SolutionGuid = {41423A6B-81F7-427C-BEC0-4129FCA8F3D3}
	EndGlobalSection
EndGlobal
